
Microsoft Visual Studio Solution File, Format Version 12.00
# Visual Studio Version 16
VisualStudioVersion = 16.0.29709.97
MinimumVisualStudioVersion = 10.0.40219.1
Project("{9A19103F-16F7-4668-BE54-9A1E7A4F7556}") = "Litium.Accelerator", "Src\Litium.Accelerator\Litium.Accelerator.csproj", "{2D717B16-36E1-40DA-927B-B9B31541EE28}"
EndProject
Project("{9A19103F-16F7-4668-BE54-9A1E7A4F7556}") = "Litium.Accelerator.FieldTypes", "Src\Litium.Accelerator.FieldTypes\Litium.Accelerator.FieldTypes.csproj", "{4D7E3E3F-4ACD-4E1F-AD06-08577C69DA7A}"
EndProject
Project("{FAE04EC0-301F-11D3-BF4B-00C04F79EFBC}") = "Litium.Accelerator.Mvc", "Src\Litium.Accelerator.Mvc\Litium.Accelerator.Mvc.csproj", "{C96BD0D7-491F-408C-8F2A-9EA9192E5F9A}"
EndProject
Project("{9A19103F-16F7-4668-BE54-9A1E7A4F7556}") = "Litium.Accelerator.Elasticsearch", "Src\Litium.Accelerator.Elasticsearch\Litium.Accelerator.Elasticsearch.csproj", "{FFDAC9F4-7B0E-4142-9E90-FB96A6BFE07F}"
EndProject
Project("{9A19103F-16F7-4668-BE54-9A1E7A4F7556}") = "Litium.Accelerator.Administration.Extensions", "Src\Litium.Accelerator.Administration.Extensions\Litium.Accelerator.Administration.Extensions.csproj", "{EF40740C-7436-44BD-90F4-8C8CE67834E6}"
EndProject
Global
	GlobalSection(SolutionConfigurationPlatforms) = preSolution
		Debug|Any CPU = Debug|Any CPU
		Release|Any CPU = Release|Any CPU
	EndGlobalSection
	GlobalSection(ProjectConfigurationPlatforms) = postSolution
		{2D717B16-36E1-40DA-927B-B9B31541EE28}.Debug|Any CPU.ActiveCfg = Debug|Any CPU
		{2D717B16-36E1-40DA-927B-B9B31541EE28}.Debug|Any CPU.Build.0 = Debug|Any CPU
		{2D717B16-36E1-40DA-927B-B9B31541EE28}.Release|Any CPU.ActiveCfg = Release|Any CPU
		{2D717B16-36E1-40DA-927B-B9B31541EE28}.Release|Any CPU.Build.0 = Release|Any CPU
		{4D7E3E3F-4ACD-4E1F-AD06-08577C69DA7A}.Debug|Any CPU.ActiveCfg = Debug|Any CPU
		{4D7E3E3F-4ACD-4E1F-AD06-08577C69DA7A}.Debug|Any CPU.Build.0 = Debug|Any CPU
		{4D7E3E3F-4ACD-4E1F-AD06-08577C69DA7A}.Release|Any CPU.ActiveCfg = Release|Any CPU
		{4D7E3E3F-4ACD-4E1F-AD06-08577C69DA7A}.Release|Any CPU.Build.0 = Release|Any CPU
		{C96BD0D7-491F-408C-8F2A-9EA9192E5F9A}.Debug|Any CPU.ActiveCfg = Debug|Any CPU
		{C96BD0D7-491F-408C-8F2A-9EA9192E5F9A}.Debug|Any CPU.Build.0 = Debug|Any CPU
		{C96BD0D7-491F-408C-8F2A-9EA9192E5F9A}.Release|Any CPU.ActiveCfg = Release|Any CPU
		{C96BD0D7-491F-408C-8F2A-9EA9192E5F9A}.Release|Any CPU.Build.0 = Release|Any CPU
		{FFDAC9F4-7B0E-4142-9E90-FB96A6BFE07F}.Debug|Any CPU.ActiveCfg = Debug|Any CPU
		{FFDAC9F4-7B0E-4142-9E90-FB96A6BFE07F}.Debug|Any CPU.Build.0 = Debug|Any CPU
		{FFDAC9F4-7B0E-4142-9E90-FB96A6BFE07F}.Release|Any CPU.ActiveCfg = Release|Any CPU
		{FFDAC9F4-7B0E-4142-9E90-FB96A6BFE07F}.Release|Any CPU.Build.0 = Release|Any CPU
		{EF40740C-7436-44BD-90F4-8C8CE67834E6}.Debug|Any CPU.ActiveCfg = Debug|Any CPU
		{EF40740C-7436-44BD-90F4-8C8CE67834E6}.Debug|Any CPU.Build.0 = Debug|Any CPU
		{EF40740C-7436-44BD-90F4-8C8CE67834E6}.Release|Any CPU.ActiveCfg = Release|Any CPU
		{EF40740C-7436-44BD-90F4-8C8CE67834E6}.Release|Any CPU.Build.0 = Release|Any CPU
	EndGlobalSection
	GlobalSection(SolutionProperties) = preSolution
		HideSolutionNode = FALSE
	EndGlobalSection
	GlobalSection(ExtensibilityGlobals) = postSolution
		SolutionGuid = {EFB8E599-2219-412D-8561-CF94E219F133}
	EndGlobalSection
EndGlobal
