
Microsoft Visual Studio Solution File, Format Version 12.00
# Visual Studio Version 16
VisualStudioVersion = 16.0.29215.179
MinimumVisualStudioVersion = 10.0.40219.1
Project("{FAE04EC0-301F-11D3-BF4B-00C04F79EFBC}") = "Litium.Accelerator.Mvc", "Src\Litium.Accelerator.Mvc\Litium.Accelerator.Mvc.csproj", "{09817C17-3188-496A-ACC1-E9574607EBF6}"
EndProject
Project("{FAE04EC0-301F-11D3-BF4B-00C04F79EFBC}") = "Litium.GraphQL", "Src\Litium.GraphQL\Litium.GraphQL.csproj", "{9B75617F-120A-428C-87B2-D92706B48CEC}"
EndProject
Project("{FAE04EC0-301F-11D3-BF4B-00C04F79EFBC}") = "Litium.Accelerator", "Src\Litium.Accelerator\Litium.Accelerator.csproj", "{B3E241B9-4BA5-420B-962C-C45002B9F98A}"
EndProject
Global
	GlobalSection(SolutionConfigurationPlatforms) = preSolution
		Debug|Any CPU = Debug|Any CPU
		DebugBuildViews|Any CPU = DebugBuildViews|Any CPU
		Release|Any CPU = Release|Any CPU
	EndGlobalSection
	GlobalSection(ProjectConfigurationPlatforms) = postSolution
		{09817C17-3188-496A-ACC1-E9574607EBF6}.Debug|Any CPU.ActiveCfg = Debug|Any CPU
		{09817C17-3188-496A-ACC1-E9574607EBF6}.Debug|Any CPU.Build.0 = Debug|Any CPU
		{09817C17-3188-496A-ACC1-E9574607EBF6}.DebugBuildViews|Any CPU.ActiveCfg = DebugBuildViews|Any CPU
		{09817C17-3188-496A-ACC1-E9574607EBF6}.DebugBuildViews|Any CPU.Build.0 = DebugBuildViews|Any CPU
		{09817C17-3188-496A-ACC1-E9574607EBF6}.Release|Any CPU.ActiveCfg = Release|Any CPU
		{09817C17-3188-496A-ACC1-E9574607EBF6}.Release|Any CPU.Build.0 = Release|Any CPU
		{9B75617F-120A-428C-87B2-D92706B48CEC}.Debug|Any CPU.ActiveCfg = Debug|Any CPU
		{9B75617F-120A-428C-87B2-D92706B48CEC}.Debug|Any CPU.Build.0 = Debug|Any CPU
		{9B75617F-120A-428C-87B2-D92706B48CEC}.DebugBuildViews|Any CPU.ActiveCfg = Debug|Any CPU
		{9B75617F-120A-428C-87B2-D92706B48CEC}.DebugBuildViews|Any CPU.Build.0 = Debug|Any CPU
		{9B75617F-120A-428C-87B2-D92706B48CEC}.Release|Any CPU.ActiveCfg = Release|Any CPU
		{9B75617F-120A-428C-87B2-D92706B48CEC}.Release|Any CPU.Build.0 = Release|Any CPU
		{B3E241B9-4BA5-420B-962C-C45002B9F98A}.Debug|Any CPU.ActiveCfg = Debug|Any CPU
		{B3E241B9-4BA5-420B-962C-C45002B9F98A}.Debug|Any CPU.Build.0 = Debug|Any CPU
		{B3E241B9-4BA5-420B-962C-C45002B9F98A}.DebugBuildViews|Any CPU.ActiveCfg = DebugBuildViews|Any CPU
		{B3E241B9-4BA5-420B-962C-C45002B9F98A}.DebugBuildViews|Any CPU.Build.0 = DebugBuildViews|Any CPU
		{B3E241B9-4BA5-420B-962C-C45002B9F98A}.Release|Any CPU.ActiveCfg = Release|Any CPU
		{B3E241B9-4BA5-420B-962C-C45002B9F98A}.Release|Any CPU.Build.0 = Release|Any CPU
	EndGlobalSection
	GlobalSection(SolutionProperties) = preSolution
		HideSolutionNode = FALSE
	EndGlobalSection
	GlobalSection(ExtensibilityGlobals) = postSolution
		SolutionGuid = {7DA9F5B3-8DBC-406A-8175-0917E7A8B2C0}
	EndGlobalSection
EndGlobal
